// !$*UTF8*$!
{
	archiveVersion = 1;
	classes = {
	};
	objectVersion = 56;
	objects = {

/* Begin PBXBuildFile section */
		A30082B32AEC0D770023E95A /* MapViewController.swift in Sources */ = {isa = PBXBuildFile; fileRef = A30082B12AEC0D770023E95A /* MapViewController.swift */; };
		A30082B42AEC0D770023E95A /* MapViewController.xib in Resources */ = {isa = PBXBuildFile; fileRef = A30082B22AEC0D770023E95A /* MapViewController.xib */; };
		A30082B62AEC0D860023E95A /* MapViewModel.swift in Sources */ = {isa = PBXBuildFile; fileRef = A30082B52AEC0D860023E95A /* MapViewModel.swift */; };
		A30082B92AEC0E0F0023E95A /* TabBarViewController.swift in Sources */ = {isa = PBXBuildFile; fileRef = A30082B82AEC0E0F0023E95A /* TabBarViewController.swift */; };
		A30082BB2AEC13B90023E95A /* Global.swift in Sources */ = {isa = PBXBuildFile; fileRef = A30082BA2AEC13B90023E95A /* Global.swift */; };
		A30082BF2AEC1A5D0023E95A /* LocationDAO+CoreDataProperties.swift in Sources */ = {isa = PBXBuildFile; fileRef = A30082BD2AEC1A5D0023E95A /* LocationDAO+CoreDataProperties.swift */; };
		A303A7AB2AE95B7C007E296F /* Kingfisher in Frameworks */ = {isa = PBXBuildFile; productRef = A303A7AA2AE95B7C007E296F /* Kingfisher */; };
		A303A7AF2AE9A2FC007E296F /* HeroDAO+CoreDataProperties.swift in Sources */ = {isa = PBXBuildFile; fileRef = A303A7AD2AE9A2FC007E296F /* HeroDAO+CoreDataProperties.swift */; };
		A30478EC2AEEF2570092B838 /* HeroDAO+CoreDataProperties.swift in Sources */ = {isa = PBXBuildFile; fileRef = A303A7AD2AE9A2FC007E296F /* HeroDAO+CoreDataProperties.swift */; };
		A30478ED2AEEF2580092B838 /* HeroDAO+CoreDataProperties.swift in Sources */ = {isa = PBXBuildFile; fileRef = A303A7AD2AE9A2FC007E296F /* HeroDAO+CoreDataProperties.swift */; };
		A30478EE2AEEF25A0092B838 /* LocationDAO+CoreDataProperties.swift in Sources */ = {isa = PBXBuildFile; fileRef = A30082BD2AEC1A5D0023E95A /* LocationDAO+CoreDataProperties.swift */; };
		A30478EF2AEEF25A0092B838 /* LocationDAO+CoreDataProperties.swift in Sources */ = {isa = PBXBuildFile; fileRef = A30082BD2AEC1A5D0023E95A /* LocationDAO+CoreDataProperties.swift */; };
		A30478F02AEEF25D0092B838 /* secureDataManager.swift in Sources */ = {isa = PBXBuildFile; fileRef = A3C976352AE1820400212EE1 /* secureDataManager.swift */; };
		A30478F12AEEF25D0092B838 /* secureDataManager.swift in Sources */ = {isa = PBXBuildFile; fileRef = A3C976352AE1820400212EE1 /* secureDataManager.swift */; };
		A30478F22AEEF2600092B838 /* CoreDataStack.swift in Sources */ = {isa = PBXBuildFile; fileRef = A3504D1F2AE7DFA1006CC665 /* CoreDataStack.swift */; };
		A30478F32AEEF2600092B838 /* CoreDataStack.swift in Sources */ = {isa = PBXBuildFile; fileRef = A3504D1F2AE7DFA1006CC665 /* CoreDataStack.swift */; };
		A30478F42AEEF2620092B838 /* Global.swift in Sources */ = {isa = PBXBuildFile; fileRef = A30082BA2AEC13B90023E95A /* Global.swift */; };
		A30478F52AEEF2630092B838 /* Global.swift in Sources */ = {isa = PBXBuildFile; fileRef = A30082BA2AEC13B90023E95A /* Global.swift */; };
		A30478F62AEEF2670092B838 /* AppDelegate.swift in Sources */ = {isa = PBXBuildFile; fileRef = A312E2B02AE04209003D72EB /* AppDelegate.swift */; };
		A30478F72AEEF2680092B838 /* AppDelegate.swift in Sources */ = {isa = PBXBuildFile; fileRef = A312E2B02AE04209003D72EB /* AppDelegate.swift */; };
		A30478F82AEEF26A0092B838 /* SceneDelegate.swift in Sources */ = {isa = PBXBuildFile; fileRef = A312E2B22AE04209003D72EB /* SceneDelegate.swift */; };
		A30478F92AEEF26A0092B838 /* SceneDelegate.swift in Sources */ = {isa = PBXBuildFile; fileRef = A312E2B22AE04209003D72EB /* SceneDelegate.swift */; };
		A30478FA2AEEF2720092B838 /* Hero.swift in Sources */ = {isa = PBXBuildFile; fileRef = A3504D232AE839BD006CC665 /* Hero.swift */; };
		A30478FB2AEEF2720092B838 /* Hero.swift in Sources */ = {isa = PBXBuildFile; fileRef = A3504D232AE839BD006CC665 /* Hero.swift */; };
		A30478FC2AEEF2770092B838 /* HeroLocation.swift in Sources */ = {isa = PBXBuildFile; fileRef = A3E926AF2AEAA98D0070EDCB /* HeroLocation.swift */; };
		A30478FD2AEEF2770092B838 /* HeroLocation.swift in Sources */ = {isa = PBXBuildFile; fileRef = A3E926AF2AEAA98D0070EDCB /* HeroLocation.swift */; };
		A30478FE2AEEF27B0092B838 /* NetworkManager.swift in Sources */ = {isa = PBXBuildFile; fileRef = A3C976302AE176F800212EE1 /* NetworkManager.swift */; };
		A30478FF2AEEF27B0092B838 /* NetworkManager.swift in Sources */ = {isa = PBXBuildFile; fileRef = A3C976302AE176F800212EE1 /* NetworkManager.swift */; };
		A30479002AEEF28B0092B838 /* LoginViewController.swift in Sources */ = {isa = PBXBuildFile; fileRef = A312E2F32AE04541003D72EB /* LoginViewController.swift */; };
		A30479012AEEF28B0092B838 /* LoginViewController.swift in Sources */ = {isa = PBXBuildFile; fileRef = A312E2F32AE04541003D72EB /* LoginViewController.swift */; };
		A30479022AEEF28E0092B838 /* LoginViewModel.swift in Sources */ = {isa = PBXBuildFile; fileRef = A312E2F02AE0435E003D72EB /* LoginViewModel.swift */; };
		A30479032AEEF28E0092B838 /* LoginViewModel.swift in Sources */ = {isa = PBXBuildFile; fileRef = A312E2F02AE0435E003D72EB /* LoginViewModel.swift */; };
		A30479042AEEF2910092B838 /* ListHeroesTableViewCell.swift in Sources */ = {isa = PBXBuildFile; fileRef = A33FC55B2AE6C52F00BCE108 /* ListHeroesTableViewCell.swift */; };
		A30479052AEEF2910092B838 /* ListHeroesTableViewCell.swift in Sources */ = {isa = PBXBuildFile; fileRef = A33FC55B2AE6C52F00BCE108 /* ListHeroesTableViewCell.swift */; };
		A30479062AEEF2950092B838 /* ListHeroesTableViewController.swift in Sources */ = {isa = PBXBuildFile; fileRef = A380D7502AE2EC2E00A6A9FD /* ListHeroesTableViewController.swift */; };
		A30479072AEEF2950092B838 /* ListHeroesTableViewController.swift in Sources */ = {isa = PBXBuildFile; fileRef = A380D7502AE2EC2E00A6A9FD /* ListHeroesTableViewController.swift */; };
		A30479082AEEF2980092B838 /* ListHeroesViewModel.swift in Sources */ = {isa = PBXBuildFile; fileRef = A380D7542AE2EC4100A6A9FD /* ListHeroesViewModel.swift */; };
		A30479092AEEF2980092B838 /* ListHeroesViewModel.swift in Sources */ = {isa = PBXBuildFile; fileRef = A380D7542AE2EC4100A6A9FD /* ListHeroesViewModel.swift */; };
		A304790A2AEEF29C0092B838 /* HeroAnnotation.swift in Sources */ = {isa = PBXBuildFile; fileRef = A3E926B22AEADC3C0070EDCB /* HeroAnnotation.swift */; };
		A304790B2AEEF29C0092B838 /* HeroAnnotation.swift in Sources */ = {isa = PBXBuildFile; fileRef = A3E926B22AEADC3C0070EDCB /* HeroAnnotation.swift */; };
		A304790C2AEEF29F0092B838 /* DetailViewController.swift in Sources */ = {isa = PBXBuildFile; fileRef = A3E926A92AEA87DE0070EDCB /* DetailViewController.swift */; };
		A304790D2AEEF29F0092B838 /* DetailViewController.swift in Sources */ = {isa = PBXBuildFile; fileRef = A3E926A92AEA87DE0070EDCB /* DetailViewController.swift */; };
		A304790E2AEEF2A20092B838 /* DetailViewModel.swift in Sources */ = {isa = PBXBuildFile; fileRef = A3E926AD2AEA87ED0070EDCB /* DetailViewModel.swift */; };
		A304790F2AEEF2A30092B838 /* DetailViewModel.swift in Sources */ = {isa = PBXBuildFile; fileRef = A3E926AD2AEA87ED0070EDCB /* DetailViewModel.swift */; };
		A30479102AEEF2A60092B838 /* MapViewController.swift in Sources */ = {isa = PBXBuildFile; fileRef = A30082B12AEC0D770023E95A /* MapViewController.swift */; };
		A30479112AEEF2A60092B838 /* MapViewController.swift in Sources */ = {isa = PBXBuildFile; fileRef = A30082B12AEC0D770023E95A /* MapViewController.swift */; };
		A30479122AEEF2A80092B838 /* MapViewModel.swift in Sources */ = {isa = PBXBuildFile; fileRef = A30082B52AEC0D860023E95A /* MapViewModel.swift */; };
		A30479132AEEF2A80092B838 /* MapViewModel.swift in Sources */ = {isa = PBXBuildFile; fileRef = A30082B52AEC0D860023E95A /* MapViewModel.swift */; };
		A30479142AEEF2AB0092B838 /* TabBarViewController.swift in Sources */ = {isa = PBXBuildFile; fileRef = A30082B82AEC0E0F0023E95A /* TabBarViewController.swift */; };
		A30479152AEEF2AB0092B838 /* TabBarViewController.swift in Sources */ = {isa = PBXBuildFile; fileRef = A30082B82AEC0E0F0023E95A /* TabBarViewController.swift */; };
		A304791E2AEEF5380092B838 /* KeychainSwift in Frameworks */ = {isa = PBXBuildFile; productRef = A304791D2AEEF5380092B838 /* KeychainSwift */; };
		A30479202AEEF5380092B838 /* Kingfisher in Frameworks */ = {isa = PBXBuildFile; productRef = A304791F2AEEF5380092B838 /* Kingfisher */; };
		A30479222AEEF5410092B838 /* KeychainSwift in Frameworks */ = {isa = PBXBuildFile; productRef = A30479212AEEF5410092B838 /* KeychainSwift */; };
		A30479242AEEF5410092B838 /* Kingfisher in Frameworks */ = {isa = PBXBuildFile; productRef = A30479232AEEF5410092B838 /* Kingfisher */; };
		A308EECC2AEF148000764ED6 /* ValidationFieldsTests.swift in Sources */ = {isa = PBXBuildFile; fileRef = A313A7A42AEF1219000CB645 /* ValidationFieldsTests.swift */; };
		A308EECD2AEF148200764ED6 /* NetworkManagerTests.swift in Sources */ = {isa = PBXBuildFile; fileRef = A313A78F2AEF0D07000CB645 /* NetworkManagerTests.swift */; };
		A308EECE2AEF148500764ED6 /* MocksNetworkManager.swift in Sources */ = {isa = PBXBuildFile; fileRef = A313A79D2AEF0FE4000CB645 /* MocksNetworkManager.swift */; };
		A312E2B12AE04209003D72EB /* AppDelegate.swift in Sources */ = {isa = PBXBuildFile; fileRef = A312E2B02AE04209003D72EB /* AppDelegate.swift */; };
		A312E2B32AE04209003D72EB /* SceneDelegate.swift in Sources */ = {isa = PBXBuildFile; fileRef = A312E2B22AE04209003D72EB /* SceneDelegate.swift */; };
		A312E2BB2AE04209003D72EB /* proyecto_iOS_avanzado.xcdatamodeld in Sources */ = {isa = PBXBuildFile; fileRef = A312E2B92AE04209003D72EB /* proyecto_iOS_avanzado.xcdatamodeld */; };
		A312E2BD2AE0420B003D72EB /* Assets.xcassets in Resources */ = {isa = PBXBuildFile; fileRef = A312E2BC2AE0420B003D72EB /* Assets.xcassets */; };
		A312E2C02AE0420B003D72EB /* LaunchScreen.storyboard in Resources */ = {isa = PBXBuildFile; fileRef = A312E2BE2AE0420B003D72EB /* LaunchScreen.storyboard */; };
		A312E2F12AE0435E003D72EB /* LoginViewModel.swift in Sources */ = {isa = PBXBuildFile; fileRef = A312E2F02AE0435E003D72EB /* LoginViewModel.swift */; };
		A312E2F52AE04541003D72EB /* LoginViewController.swift in Sources */ = {isa = PBXBuildFile; fileRef = A312E2F32AE04541003D72EB /* LoginViewController.swift */; };
		A312E2F62AE04541003D72EB /* LoginViewController.xib in Resources */ = {isa = PBXBuildFile; fileRef = A312E2F42AE04541003D72EB /* LoginViewController.xib */; };
		A313A7972AEF0DA1000CB645 /* NetworkManagerTests.swift in Sources */ = {isa = PBXBuildFile; fileRef = A313A78F2AEF0D07000CB645 /* NetworkManagerTests.swift */; };
		A313A79F2AEF103C000CB645 /* MocksNetworkManager.swift in Sources */ = {isa = PBXBuildFile; fileRef = A313A79D2AEF0FE4000CB645 /* MocksNetworkManager.swift */; };
		A313A7A62AEF1239000CB645 /* ValidationFieldsTests.swift in Sources */ = {isa = PBXBuildFile; fileRef = A313A7A42AEF1219000CB645 /* ValidationFieldsTests.swift */; };
		A33FC55D2AE6C52F00BCE108 /* ListHeroesTableViewCell.swift in Sources */ = {isa = PBXBuildFile; fileRef = A33FC55B2AE6C52F00BCE108 /* ListHeroesTableViewCell.swift */; };
		A33FC55E2AE6C52F00BCE108 /* ListHeroesTableViewCell.xib in Resources */ = {isa = PBXBuildFile; fileRef = A33FC55C2AE6C52F00BCE108 /* ListHeroesTableViewCell.xib */; };
		A3504D202AE7DFA1006CC665 /* CoreDataStack.swift in Sources */ = {isa = PBXBuildFile; fileRef = A3504D1F2AE7DFA1006CC665 /* CoreDataStack.swift */; };
		A3504D242AE839BD006CC665 /* Hero.swift in Sources */ = {isa = PBXBuildFile; fileRef = A3504D232AE839BD006CC665 /* Hero.swift */; };
		A35AD9322AEFCCB5002D63A4 /* MocksNetworkManager.swift in Sources */ = {isa = PBXBuildFile; fileRef = A313A79D2AEF0FE4000CB645 /* MocksNetworkManager.swift */; };
		A380D7522AE2EC2E00A6A9FD /* ListHeroesTableViewController.swift in Sources */ = {isa = PBXBuildFile; fileRef = A380D7502AE2EC2E00A6A9FD /* ListHeroesTableViewController.swift */; };
		A380D7532AE2EC2E00A6A9FD /* ListHeroesTableViewController.xib in Resources */ = {isa = PBXBuildFile; fileRef = A380D7512AE2EC2E00A6A9FD /* ListHeroesTableViewController.xib */; };
		A380D7552AE2EC4100A6A9FD /* ListHeroesViewModel.swift in Sources */ = {isa = PBXBuildFile; fileRef = A380D7542AE2EC4100A6A9FD /* ListHeroesViewModel.swift */; };
		A3C976312AE176F800212EE1 /* NetworkManager.swift in Sources */ = {isa = PBXBuildFile; fileRef = A3C976302AE176F800212EE1 /* NetworkManager.swift */; };
		A3C976342AE17F9100212EE1 /* KeychainSwift in Frameworks */ = {isa = PBXBuildFile; productRef = A3C976332AE17F9100212EE1 /* KeychainSwift */; };
		A3C976362AE1820400212EE1 /* secureDataManager.swift in Sources */ = {isa = PBXBuildFile; fileRef = A3C976352AE1820400212EE1 /* secureDataManager.swift */; };
		A3E926AB2AEA87DE0070EDCB /* DetailViewController.swift in Sources */ = {isa = PBXBuildFile; fileRef = A3E926A92AEA87DE0070EDCB /* DetailViewController.swift */; };
		A3E926AC2AEA87DE0070EDCB /* DetailViewController.xib in Resources */ = {isa = PBXBuildFile; fileRef = A3E926AA2AEA87DE0070EDCB /* DetailViewController.xib */; };
		A3E926AE2AEA87ED0070EDCB /* DetailViewModel.swift in Sources */ = {isa = PBXBuildFile; fileRef = A3E926AD2AEA87ED0070EDCB /* DetailViewModel.swift */; };
		A3E926B02AEAA98D0070EDCB /* HeroLocation.swift in Sources */ = {isa = PBXBuildFile; fileRef = A3E926AF2AEAA98D0070EDCB /* HeroLocation.swift */; };
		A3E926B32AEADC3C0070EDCB /* HeroAnnotation.swift in Sources */ = {isa = PBXBuildFile; fileRef = A3E926B22AEADC3C0070EDCB /* HeroAnnotation.swift */; };
/* End PBXBuildFile section */

/* Begin PBXContainerItemProxy section */
		A312E2C72AE0420B003D72EB /* PBXContainerItemProxy */ = {
			isa = PBXContainerItemProxy;
			containerPortal = A312E2A52AE04209003D72EB /* Project object */;
			proxyType = 1;
			remoteGlobalIDString = A312E2AC2AE04209003D72EB;
			remoteInfo = "proyecto-iOS-avanzado";
		};
		A312E2D12AE0420B003D72EB /* PBXContainerItemProxy */ = {
			isa = PBXContainerItemProxy;
			containerPortal = A312E2A52AE04209003D72EB /* Project object */;
			proxyType = 1;
			remoteGlobalIDString = A312E2AC2AE04209003D72EB;
			remoteInfo = "proyecto-iOS-avanzado";
		};
/* End PBXContainerItemProxy section */

/* Begin PBXFileReference section */
		A30082B12AEC0D770023E95A /* MapViewController.swift */ = {isa = PBXFileReference; lastKnownFileType = sourcecode.swift; path = MapViewController.swift; sourceTree = "<group>"; };
		A30082B22AEC0D770023E95A /* MapViewController.xib */ = {isa = PBXFileReference; lastKnownFileType = file.xib; path = MapViewController.xib; sourceTree = "<group>"; };
		A30082B52AEC0D860023E95A /* MapViewModel.swift */ = {isa = PBXFileReference; lastKnownFileType = sourcecode.swift; path = MapViewModel.swift; sourceTree = "<group>"; };
		A30082B82AEC0E0F0023E95A /* TabBarViewController.swift */ = {isa = PBXFileReference; lastKnownFileType = sourcecode.swift; path = TabBarViewController.swift; sourceTree = "<group>"; };
		A30082BA2AEC13B90023E95A /* Global.swift */ = {isa = PBXFileReference; lastKnownFileType = sourcecode.swift; path = Global.swift; sourceTree = "<group>"; };
		A30082BD2AEC1A5D0023E95A /* LocationDAO+CoreDataProperties.swift */ = {isa = PBXFileReference; lastKnownFileType = sourcecode.swift; path = "LocationDAO+CoreDataProperties.swift"; sourceTree = "<group>"; };
		A303A7AD2AE9A2FC007E296F /* HeroDAO+CoreDataProperties.swift */ = {isa = PBXFileReference; lastKnownFileType = sourcecode.swift; path = "HeroDAO+CoreDataProperties.swift"; sourceTree = "<group>"; };
		A308EEC82AEF13C800764ED6 /* proyecto-iOS-avanzado.app */ = {isa = PBXFileReference; explicitFileType = wrapper.application; includeInIndex = 0; path = "proyecto-iOS-avanzado.app"; sourceTree = BUILT_PRODUCTS_DIR; };
		A308EEC92AEF13C800764ED6 /* proyecto-iOS-avanzadoTests.xctest */ = {isa = PBXFileReference; explicitFileType = wrapper.cfbundle; includeInIndex = 0; path = "proyecto-iOS-avanzadoTests.xctest"; sourceTree = BUILT_PRODUCTS_DIR; };
		A308EECA2AEF13C800764ED6 /* proyecto-iOS-avanzadoUITests.xctest */ = {isa = PBXFileReference; explicitFileType = wrapper.cfbundle; includeInIndex = 0; path = "proyecto-iOS-avanzadoUITests.xctest"; sourceTree = BUILT_PRODUCTS_DIR; };
		A312E2B02AE04209003D72EB /* AppDelegate.swift */ = {isa = PBXFileReference; lastKnownFileType = sourcecode.swift; path = AppDelegate.swift; sourceTree = "<group>"; };
		A312E2B22AE04209003D72EB /* SceneDelegate.swift */ = {isa = PBXFileReference; lastKnownFileType = sourcecode.swift; path = SceneDelegate.swift; sourceTree = "<group>"; };
		A312E2BA2AE04209003D72EB /* proyecto_iOS_avanzado.xcdatamodel */ = {isa = PBXFileReference; lastKnownFileType = wrapper.xcdatamodel; path = proyecto_iOS_avanzado.xcdatamodel; sourceTree = "<group>"; };
		A312E2BC2AE0420B003D72EB /* Assets.xcassets */ = {isa = PBXFileReference; lastKnownFileType = folder.assetcatalog; path = Assets.xcassets; sourceTree = "<group>"; };
		A312E2BF2AE0420B003D72EB /* Base */ = {isa = PBXFileReference; lastKnownFileType = file.storyboard; name = Base; path = Base.lproj/LaunchScreen.storyboard; sourceTree = "<group>"; };
		A312E2C12AE0420B003D72EB /* Info.plist */ = {isa = PBXFileReference; lastKnownFileType = text.plist.xml; path = Info.plist; sourceTree = "<group>"; };
		A312E2CA2AE0420B003D72EB /* proyecto_iOS_avanzadoTests.swift */ = {isa = PBXFileReference; lastKnownFileType = sourcecode.swift; path = proyecto_iOS_avanzadoTests.swift; sourceTree = "<group>"; };
		A312E2D42AE0420B003D72EB /* proyecto_iOS_avanzadoUITests.swift */ = {isa = PBXFileReference; lastKnownFileType = sourcecode.swift; path = proyecto_iOS_avanzadoUITests.swift; sourceTree = "<group>"; };
		A312E2D62AE0420B003D72EB /* proyecto_iOS_avanzadoUITestsLaunchTests.swift */ = {isa = PBXFileReference; lastKnownFileType = sourcecode.swift; path = proyecto_iOS_avanzadoUITestsLaunchTests.swift; sourceTree = "<group>"; };
		A312E2F02AE0435E003D72EB /* LoginViewModel.swift */ = {isa = PBXFileReference; lastKnownFileType = sourcecode.swift; path = LoginViewModel.swift; sourceTree = "<group>"; };
		A312E2F32AE04541003D72EB /* LoginViewController.swift */ = {isa = PBXFileReference; lastKnownFileType = sourcecode.swift; path = LoginViewController.swift; sourceTree = "<group>"; };
		A312E2F42AE04541003D72EB /* LoginViewController.xib */ = {isa = PBXFileReference; lastKnownFileType = file.xib; path = LoginViewController.xib; sourceTree = "<group>"; };
		A313A78F2AEF0D07000CB645 /* NetworkManagerTests.swift */ = {isa = PBXFileReference; lastKnownFileType = sourcecode.swift; path = NetworkManagerTests.swift; sourceTree = "<group>"; };
		A313A79D2AEF0FE4000CB645 /* MocksNetworkManager.swift */ = {isa = PBXFileReference; lastKnownFileType = sourcecode.swift; path = MocksNetworkManager.swift; sourceTree = "<group>"; };
		A313A7A42AEF1219000CB645 /* ValidationFieldsTests.swift */ = {isa = PBXFileReference; lastKnownFileType = sourcecode.swift; path = ValidationFieldsTests.swift; sourceTree = "<group>"; };
		A33FC55B2AE6C52F00BCE108 /* ListHeroesTableViewCell.swift */ = {isa = PBXFileReference; lastKnownFileType = sourcecode.swift; path = ListHeroesTableViewCell.swift; sourceTree = "<group>"; };
		A33FC55C2AE6C52F00BCE108 /* ListHeroesTableViewCell.xib */ = {isa = PBXFileReference; lastKnownFileType = file.xib; path = ListHeroesTableViewCell.xib; sourceTree = "<group>"; };
		A3504D1F2AE7DFA1006CC665 /* CoreDataStack.swift */ = {isa = PBXFileReference; lastKnownFileType = sourcecode.swift; path = CoreDataStack.swift; sourceTree = "<group>"; };
		A3504D232AE839BD006CC665 /* Hero.swift */ = {isa = PBXFileReference; lastKnownFileType = sourcecode.swift; path = Hero.swift; sourceTree = "<group>"; };
		A380D7502AE2EC2E00A6A9FD /* ListHeroesTableViewController.swift */ = {isa = PBXFileReference; lastKnownFileType = sourcecode.swift; path = ListHeroesTableViewController.swift; sourceTree = "<group>"; };
		A380D7512AE2EC2E00A6A9FD /* ListHeroesTableViewController.xib */ = {isa = PBXFileReference; lastKnownFileType = file.xib; path = ListHeroesTableViewController.xib; sourceTree = "<group>"; };
		A380D7542AE2EC4100A6A9FD /* ListHeroesViewModel.swift */ = {isa = PBXFileReference; lastKnownFileType = sourcecode.swift; path = ListHeroesViewModel.swift; sourceTree = "<group>"; };
		A3C976302AE176F800212EE1 /* NetworkManager.swift */ = {isa = PBXFileReference; lastKnownFileType = sourcecode.swift; path = NetworkManager.swift; sourceTree = "<group>"; };
		A3C976352AE1820400212EE1 /* secureDataManager.swift */ = {isa = PBXFileReference; lastKnownFileType = sourcecode.swift; path = secureDataManager.swift; sourceTree = "<group>"; };
		A3E926A92AEA87DE0070EDCB /* DetailViewController.swift */ = {isa = PBXFileReference; lastKnownFileType = sourcecode.swift; path = DetailViewController.swift; sourceTree = "<group>"; };
		A3E926AA2AEA87DE0070EDCB /* DetailViewController.xib */ = {isa = PBXFileReference; lastKnownFileType = file.xib; path = DetailViewController.xib; sourceTree = "<group>"; };
		A3E926AD2AEA87ED0070EDCB /* DetailViewModel.swift */ = {isa = PBXFileReference; lastKnownFileType = sourcecode.swift; path = DetailViewModel.swift; sourceTree = "<group>"; };
		A3E926AF2AEAA98D0070EDCB /* HeroLocation.swift */ = {isa = PBXFileReference; lastKnownFileType = sourcecode.swift; path = HeroLocation.swift; sourceTree = "<group>"; };
		A3E926B22AEADC3C0070EDCB /* HeroAnnotation.swift */ = {isa = PBXFileReference; lastKnownFileType = sourcecode.swift; path = HeroAnnotation.swift; sourceTree = "<group>"; };
/* End PBXFileReference section */

/* Begin PBXFrameworksBuildPhase section */
		A312E2AA2AE04209003D72EB /* Frameworks */ = {
			isa = PBXFrameworksBuildPhase;
			buildActionMask = 2147483647;
			files = (
				A303A7AB2AE95B7C007E296F /* Kingfisher in Frameworks */,
				A3C976342AE17F9100212EE1 /* KeychainSwift in Frameworks */,
			);
			runOnlyForDeploymentPostprocessing = 0;
		};
		A312E2C32AE0420B003D72EB /* Frameworks */ = {
			isa = PBXFrameworksBuildPhase;
			buildActionMask = 2147483647;
			files = (
				A30479202AEEF5380092B838 /* Kingfisher in Frameworks */,
				A304791E2AEEF5380092B838 /* KeychainSwift in Frameworks */,
			);
			runOnlyForDeploymentPostprocessing = 0;
		};
		A312E2CD2AE0420B003D72EB /* Frameworks */ = {
			isa = PBXFrameworksBuildPhase;
			buildActionMask = 2147483647;
			files = (
				A30479242AEEF5410092B838 /* Kingfisher in Frameworks */,
				A30479222AEEF5410092B838 /* KeychainSwift in Frameworks */,
			);
			runOnlyForDeploymentPostprocessing = 0;
		};
/* End PBXFrameworksBuildPhase section */

/* Begin PBXGroup section */
		A30082AC2AEC0D470023E95A /* Map */ = {
			isa = PBXGroup;
			children = (
				A30082AF2AEC0D5D0023E95A /* View */,
				A30082AE2AEC0D580023E95A /* Controller */,
				A30082AD2AEC0D510023E95A /* ViewModel */,
			);
			path = Map;
			sourceTree = "<group>";
		};
		A30082AD2AEC0D510023E95A /* ViewModel */ = {
			isa = PBXGroup;
			children = (
				A30082B52AEC0D860023E95A /* MapViewModel.swift */,
			);
			path = ViewModel;
			sourceTree = "<group>";
		};
		A30082AE2AEC0D580023E95A /* Controller */ = {
			isa = PBXGroup;
			children = (
				A30082B12AEC0D770023E95A /* MapViewController.swift */,
			);
			path = Controller;
			sourceTree = "<group>";
		};
		A30082AF2AEC0D5D0023E95A /* View */ = {
			isa = PBXGroup;
			children = (
				A30082B22AEC0D770023E95A /* MapViewController.xib */,
			);
			path = View;
			sourceTree = "<group>";
		};
		A30082B72AEC0DAD0023E95A /* TabBar */ = {
			isa = PBXGroup;
			children = (
				A30082B82AEC0E0F0023E95A /* TabBarViewController.swift */,
			);
			path = TabBar;
			sourceTree = "<group>";
		};
		A312E2A42AE04209003D72EB = {
			isa = PBXGroup;
			children = (
				A312E2AF2AE04209003D72EB /* proyecto-iOS-avanzado */,
				A312E2C92AE0420B003D72EB /* proyecto-iOS-avanzadoTests */,
				A312E2D32AE0420B003D72EB /* proyecto-iOS-avanzadoUITests */,
				A308EEC82AEF13C800764ED6 /* proyecto-iOS-avanzado.app */,
				A308EEC92AEF13C800764ED6 /* proyecto-iOS-avanzadoTests.xctest */,
				A308EECA2AEF13C800764ED6 /* proyecto-iOS-avanzadoUITests.xctest */,
			);
			sourceTree = "<group>";
		};
		A312E2AF2AE04209003D72EB /* proyecto-iOS-avanzado */ = {
			isa = PBXGroup;
			children = (
				A3504D212AE839A6006CC665 /* Domain */,
				A3C9762F2AE176A100212EE1 /* Network */,
				A312E2C12AE0420B003D72EB /* Info.plist */,
				A312E2E92AE04312003D72EB /* Resources */,
				A312E2EA2AE0431F003D72EB /* Data */,
				A312E2E82AE04309003D72EB /* App */,
				A312E2F22AE04416003D72EB /* UI */,
				A3F853F62AED7B81006236A7 /* DragonBallTests */,
			);
			path = "proyecto-iOS-avanzado";
			sourceTree = "<group>";
		};
		A312E2C92AE0420B003D72EB /* proyecto-iOS-avanzadoTests */ = {
			isa = PBXGroup;
			children = (
				A312E2CA2AE0420B003D72EB /* proyecto_iOS_avanzadoTests.swift */,
			);
			path = "proyecto-iOS-avanzadoTests";
			sourceTree = "<group>";
		};
		A312E2D32AE0420B003D72EB /* proyecto-iOS-avanzadoUITests */ = {
			isa = PBXGroup;
			children = (
				A312E2D42AE0420B003D72EB /* proyecto_iOS_avanzadoUITests.swift */,
				A312E2D62AE0420B003D72EB /* proyecto_iOS_avanzadoUITestsLaunchTests.swift */,
			);
			path = "proyecto-iOS-avanzadoUITests";
			sourceTree = "<group>";
		};
		A312E2E32AE042E2003D72EB /* Login */ = {
			isa = PBXGroup;
			children = (
				A312E2E62AE042F6003D72EB /* View */,
				A312E2E52AE042EF003D72EB /* Controller */,
				A312E2E42AE042EA003D72EB /* ViewModel */,
			);
			path = Login;
			sourceTree = "<group>";
		};
		A312E2E42AE042EA003D72EB /* ViewModel */ = {
			isa = PBXGroup;
			children = (
				A312E2F02AE0435E003D72EB /* LoginViewModel.swift */,
			);
			path = ViewModel;
			sourceTree = "<group>";
		};
		A312E2E52AE042EF003D72EB /* Controller */ = {
			isa = PBXGroup;
			children = (
				A312E2F32AE04541003D72EB /* LoginViewController.swift */,
			);
			path = Controller;
			sourceTree = "<group>";
		};
		A312E2E62AE042F6003D72EB /* View */ = {
			isa = PBXGroup;
			children = (
				A312E2F42AE04541003D72EB /* LoginViewController.xib */,
			);
			path = View;
			sourceTree = "<group>";
		};
		A312E2E72AE04301003D72EB /* Launch */ = {
			isa = PBXGroup;
			children = (
				A312E2BE2AE0420B003D72EB /* LaunchScreen.storyboard */,
			);
			path = Launch;
			sourceTree = "<group>";
		};
		A312E2E82AE04309003D72EB /* App */ = {
			isa = PBXGroup;
			children = (
				A312E2B02AE04209003D72EB /* AppDelegate.swift */,
				A312E2B22AE04209003D72EB /* SceneDelegate.swift */,
			);
			path = App;
			sourceTree = "<group>";
		};
		A312E2E92AE04312003D72EB /* Resources */ = {
			isa = PBXGroup;
			children = (
				A312E2BC2AE0420B003D72EB /* Assets.xcassets */,
			);
			path = Resources;
			sourceTree = "<group>";
		};
		A312E2EA2AE0431F003D72EB /* Data */ = {
			isa = PBXGroup;
			children = (
				A3504D1C2AE7DB7A006CC665 /* Models */,
				A312E2B92AE04209003D72EB /* proyecto_iOS_avanzado.xcdatamodeld */,
				A3C976352AE1820400212EE1 /* secureDataManager.swift */,
				A3504D1F2AE7DFA1006CC665 /* CoreDataStack.swift */,
				A30082BA2AEC13B90023E95A /* Global.swift */,
			);
			path = Data;
			sourceTree = "<group>";
		};
		A312E2F22AE04416003D72EB /* UI */ = {
			isa = PBXGroup;
			children = (
				A312E2E72AE04301003D72EB /* Launch */,
				A312E2E32AE042E2003D72EB /* Login */,
				A380D74C2AE2EBF400A6A9FD /* ListHeroes */,
				A3E926A42AEA87A40070EDCB /* Detail */,
				A30082AC2AEC0D470023E95A /* Map */,
				A30082B72AEC0DAD0023E95A /* TabBar */,
			);
			path = UI;
			sourceTree = "<group>";
		};
		A313A79C2AEF0FC5000CB645 /* Mocks */ = {
			isa = PBXGroup;
			children = (
				A313A79D2AEF0FE4000CB645 /* MocksNetworkManager.swift */,
			);
			path = Mocks;
			sourceTree = "<group>";
		};
		A33FC5592AE6C4D500BCE108 /* Cell */ = {
			isa = PBXGroup;
			children = (
				A33FC55B2AE6C52F00BCE108 /* ListHeroesTableViewCell.swift */,
				A33FC55C2AE6C52F00BCE108 /* ListHeroesTableViewCell.xib */,
			);
			path = Cell;
			sourceTree = "<group>";
		};
		A3504D1C2AE7DB7A006CC665 /* Models */ = {
			isa = PBXGroup;
			children = (
				A303A7AD2AE9A2FC007E296F /* HeroDAO+CoreDataProperties.swift */,
				A30082BD2AEC1A5D0023E95A /* LocationDAO+CoreDataProperties.swift */,
			);
			path = Models;
			sourceTree = "<group>";
		};
		A3504D212AE839A6006CC665 /* Domain */ = {
			isa = PBXGroup;
			children = (
				A3504D222AE839AE006CC665 /* Models */,
			);
			path = Domain;
			sourceTree = "<group>";
		};
		A3504D222AE839AE006CC665 /* Models */ = {
			isa = PBXGroup;
			children = (
				A3504D232AE839BD006CC665 /* Hero.swift */,
				A3E926AF2AEAA98D0070EDCB /* HeroLocation.swift */,
			);
			path = Models;
			sourceTree = "<group>";
		};
		A380D74C2AE2EBF400A6A9FD /* ListHeroes */ = {
			isa = PBXGroup;
			children = (
				A33FC5592AE6C4D500BCE108 /* Cell */,
				A380D74F2AE2EC1400A6A9FD /* View */,
				A380D74E2AE2EC0E00A6A9FD /* Controller */,
				A380D74D2AE2EC0700A6A9FD /* ViewModel */,
			);
			path = ListHeroes;
			sourceTree = "<group>";
		};
		A380D74D2AE2EC0700A6A9FD /* ViewModel */ = {
			isa = PBXGroup;
			children = (
				A380D7542AE2EC4100A6A9FD /* ListHeroesViewModel.swift */,
			);
			path = ViewModel;
			sourceTree = "<group>";
		};
		A380D74E2AE2EC0E00A6A9FD /* Controller */ = {
			isa = PBXGroup;
			children = (
				A380D7502AE2EC2E00A6A9FD /* ListHeroesTableViewController.swift */,
			);
			path = Controller;
			sourceTree = "<group>";
		};
		A380D74F2AE2EC1400A6A9FD /* View */ = {
			isa = PBXGroup;
			children = (
				A380D7512AE2EC2E00A6A9FD /* ListHeroesTableViewController.xib */,
			);
			path = View;
			sourceTree = "<group>";
		};
		A3C9762F2AE176A100212EE1 /* Network */ = {
			isa = PBXGroup;
			children = (
				A3C976302AE176F800212EE1 /* NetworkManager.swift */,
			);
			path = Network;
			sourceTree = "<group>";
		};
		A3E926A42AEA87A40070EDCB /* Detail */ = {
			isa = PBXGroup;
			children = (
				A3E926B12AEADC250070EDCB /* MapAnnotations */,
				A3E926A72AEA87C00070EDCB /* View */,
				A3E926A62AEA87BA0070EDCB /* Controller */,
				A3E926A52AEA87B30070EDCB /* ViewModel */,
			);
			path = Detail;
			sourceTree = "<group>";
		};
		A3E926A52AEA87B30070EDCB /* ViewModel */ = {
			isa = PBXGroup;
			children = (
				A3E926AD2AEA87ED0070EDCB /* DetailViewModel.swift */,
			);
			path = ViewModel;
			sourceTree = "<group>";
		};
		A3E926A62AEA87BA0070EDCB /* Controller */ = {
			isa = PBXGroup;
			children = (
				A3E926A92AEA87DE0070EDCB /* DetailViewController.swift */,
			);
			path = Controller;
			sourceTree = "<group>";
		};
		A3E926A72AEA87C00070EDCB /* View */ = {
			isa = PBXGroup;
			children = (
				A3E926AA2AEA87DE0070EDCB /* DetailViewController.xib */,
			);
			path = View;
			sourceTree = "<group>";
		};
		A3E926B12AEADC250070EDCB /* MapAnnotations */ = {
			isa = PBXGroup;
			children = (
				A3E926B22AEADC3C0070EDCB /* HeroAnnotation.swift */,
			);
			path = MapAnnotations;
			sourceTree = "<group>";
		};
		A3F853F62AED7B81006236A7 /* DragonBallTests */ = {
			isa = PBXGroup;
			children = (
				A313A79C2AEF0FC5000CB645 /* Mocks */,
				A313A78F2AEF0D07000CB645 /* NetworkManagerTests.swift */,
				A313A7A42AEF1219000CB645 /* ValidationFieldsTests.swift */,
			);
			path = DragonBallTests;
			sourceTree = "<group>";
		};
/* End PBXGroup section */

/* Begin PBXNativeTarget section */
		A312E2AC2AE04209003D72EB /* proyecto-iOS-avanzado */ = {
			isa = PBXNativeTarget;
			buildConfigurationList = A312E2DA2AE0420B003D72EB /* Build configuration list for PBXNativeTarget "proyecto-iOS-avanzado" */;
			buildPhases = (
				A312E2A92AE04209003D72EB /* Sources */,
				A312E2AA2AE04209003D72EB /* Frameworks */,
				A312E2AB2AE04209003D72EB /* Resources */,
			);
			buildRules = (
			);
			dependencies = (
			);
			name = "proyecto-iOS-avanzado";
			packageProductDependencies = (
				A3C976332AE17F9100212EE1 /* KeychainSwift */,
				A303A7AA2AE95B7C007E296F /* Kingfisher */,
			);
			productName = "proyecto-iOS-avanzado";
			productReference = A308EEC82AEF13C800764ED6 /* proyecto-iOS-avanzado.app */;
			productType = "com.apple.product-type.application";
		};
		A312E2C52AE0420B003D72EB /* proyecto-iOS-avanzadoTests */ = {
			isa = PBXNativeTarget;
			buildConfigurationList = A312E2DD2AE0420B003D72EB /* Build configuration list for PBXNativeTarget "proyecto-iOS-avanzadoTests" */;
			buildPhases = (
				A312E2C22AE0420B003D72EB /* Sources */,
				A312E2C32AE0420B003D72EB /* Frameworks */,
				A312E2C42AE0420B003D72EB /* Resources */,
			);
			buildRules = (
			);
			dependencies = (
				A312E2C82AE0420B003D72EB /* PBXTargetDependency */,
			);
			name = "proyecto-iOS-avanzadoTests";
			packageProductDependencies = (
				A304791D2AEEF5380092B838 /* KeychainSwift */,
				A304791F2AEEF5380092B838 /* Kingfisher */,
			);
			productName = "proyecto-iOS-avanzadoTests";
			productReference = A308EEC92AEF13C800764ED6 /* proyecto-iOS-avanzadoTests.xctest */;
			productType = "com.apple.product-type.bundle.unit-test";
		};
		A312E2CF2AE0420B003D72EB /* proyecto-iOS-avanzadoUITests */ = {
			isa = PBXNativeTarget;
			buildConfigurationList = A312E2E02AE0420B003D72EB /* Build configuration list for PBXNativeTarget "proyecto-iOS-avanzadoUITests" */;
			buildPhases = (
				A312E2CC2AE0420B003D72EB /* Sources */,
				A312E2CD2AE0420B003D72EB /* Frameworks */,
				A312E2CE2AE0420B003D72EB /* Resources */,
			);
			buildRules = (
			);
			dependencies = (
				A312E2D22AE0420B003D72EB /* PBXTargetDependency */,
			);
			name = "proyecto-iOS-avanzadoUITests";
			packageProductDependencies = (
				A30479212AEEF5410092B838 /* KeychainSwift */,
				A30479232AEEF5410092B838 /* Kingfisher */,
			);
			productName = "proyecto-iOS-avanzadoUITests";
			productReference = A308EECA2AEF13C800764ED6 /* proyecto-iOS-avanzadoUITests.xctest */;
			productType = "com.apple.product-type.bundle.ui-testing";
		};
/* End PBXNativeTarget section */

/* Begin PBXProject section */
		A312E2A52AE04209003D72EB /* Project object */ = {
			isa = PBXProject;
			attributes = {
				BuildIndependentTargetsInParallel = 1;
				LastSwiftUpdateCheck = 1500;
				LastUpgradeCheck = 1500;
				TargetAttributes = {
					A312E2AC2AE04209003D72EB = {
						CreatedOnToolsVersion = 15.0;
					};
					A312E2C52AE0420B003D72EB = {
						CreatedOnToolsVersion = 15.0;
						TestTargetID = A312E2AC2AE04209003D72EB;
					};
					A312E2CF2AE0420B003D72EB = {
						CreatedOnToolsVersion = 15.0;
						TestTargetID = A312E2AC2AE04209003D72EB;
					};
				};
			};
			buildConfigurationList = A312E2A82AE04209003D72EB /* Build configuration list for PBXProject "proyecto-iOS-avanzado" */;
			compatibilityVersion = "Xcode 14.0";
			developmentRegion = en;
			hasScannedForEncodings = 0;
			knownRegions = (
				en,
				Base,
			);
			mainGroup = A312E2A42AE04209003D72EB;
			packageReferences = (
				A3C976322AE17F9100212EE1 /* XCRemoteSwiftPackageReference "keychain-swift" */,
				A303A7A92AE95B7C007E296F /* XCRemoteSwiftPackageReference "Kingfisher" */,
			);
			productRefGroup = A312E2A42AE04209003D72EB;
			projectDirPath = "";
			projectRoot = "";
			targets = (
				A312E2AC2AE04209003D72EB /* proyecto-iOS-avanzado */,
				A312E2C52AE0420B003D72EB /* proyecto-iOS-avanzadoTests */,
				A312E2CF2AE0420B003D72EB /* proyecto-iOS-avanzadoUITests */,
			);
		};
/* End PBXProject section */

/* Begin PBXResourcesBuildPhase section */
		A312E2AB2AE04209003D72EB /* Resources */ = {
			isa = PBXResourcesBuildPhase;
			buildActionMask = 2147483647;
			files = (
				A33FC55E2AE6C52F00BCE108 /* ListHeroesTableViewCell.xib in Resources */,
				A3E926AC2AEA87DE0070EDCB /* DetailViewController.xib in Resources */,
				A312E2C02AE0420B003D72EB /* LaunchScreen.storyboard in Resources */,
				A380D7532AE2EC2E00A6A9FD /* ListHeroesTableViewController.xib in Resources */,
				A30082B42AEC0D770023E95A /* MapViewController.xib in Resources */,
				A312E2BD2AE0420B003D72EB /* Assets.xcassets in Resources */,
				A312E2F62AE04541003D72EB /* LoginViewController.xib in Resources */,
			);
			runOnlyForDeploymentPostprocessing = 0;
		};
		A312E2C42AE0420B003D72EB /* Resources */ = {
			isa = PBXResourcesBuildPhase;
			buildActionMask = 2147483647;
			files = (
			);
			runOnlyForDeploymentPostprocessing = 0;
		};
		A312E2CE2AE0420B003D72EB /* Resources */ = {
			isa = PBXResourcesBuildPhase;
			buildActionMask = 2147483647;
			files = (
			);
			runOnlyForDeploymentPostprocessing = 0;
		};
/* End PBXResourcesBuildPhase section */

/* Begin PBXSourcesBuildPhase section */
		A312E2A92AE04209003D72EB /* Sources */ = {
			isa = PBXSourcesBuildPhase;
			buildActionMask = 2147483647;
			files = (
				A3C976362AE1820400212EE1 /* secureDataManager.swift in Sources */,
				A3C976312AE176F800212EE1 /* NetworkManager.swift in Sources */,
				A303A7AF2AE9A2FC007E296F /* HeroDAO+CoreDataProperties.swift in Sources */,
				A3E926B32AEADC3C0070EDCB /* HeroAnnotation.swift in Sources */,
				A312E2BB2AE04209003D72EB /* proyecto_iOS_avanzado.xcdatamodeld in Sources */,
				A35AD9322AEFCCB5002D63A4 /* MocksNetworkManager.swift in Sources */,
				A3E926B02AEAA98D0070EDCB /* HeroLocation.swift in Sources */,
				A3504D202AE7DFA1006CC665 /* CoreDataStack.swift in Sources */,
				A312E2B12AE04209003D72EB /* AppDelegate.swift in Sources */,
				A30082B92AEC0E0F0023E95A /* TabBarViewController.swift in Sources */,
				A312E2F12AE0435E003D72EB /* LoginViewModel.swift in Sources */,
				A33FC55D2AE6C52F00BCE108 /* ListHeroesTableViewCell.swift in Sources */,
				A312E2F52AE04541003D72EB /* LoginViewController.swift in Sources */,
				A30082B62AEC0D860023E95A /* MapViewModel.swift in Sources */,
				A312E2B32AE04209003D72EB /* SceneDelegate.swift in Sources */,
				A380D7522AE2EC2E00A6A9FD /* ListHeroesTableViewController.swift in Sources */,
				A30082B32AEC0D770023E95A /* MapViewController.swift in Sources */,
				A3504D242AE839BD006CC665 /* Hero.swift in Sources */,
				A380D7552AE2EC4100A6A9FD /* ListHeroesViewModel.swift in Sources */,
				A3E926AE2AEA87ED0070EDCB /* DetailViewModel.swift in Sources */,
				A3E926AB2AEA87DE0070EDCB /* DetailViewController.swift in Sources */,
				A30082BB2AEC13B90023E95A /* Global.swift in Sources */,
				A30082BF2AEC1A5D0023E95A /* LocationDAO+CoreDataProperties.swift in Sources */,
			);
			runOnlyForDeploymentPostprocessing = 0;
		};
		A312E2C22AE0420B003D72EB /* Sources */ = {
			isa = PBXSourcesBuildPhase;
			buildActionMask = 2147483647;
			files = (
				A30478F62AEEF2670092B838 /* AppDelegate.swift in Sources */,
				A30478EC2AEEF2570092B838 /* HeroDAO+CoreDataProperties.swift in Sources */,
				A30478EE2AEEF25A0092B838 /* LocationDAO+CoreDataProperties.swift in Sources */,
				A313A7972AEF0DA1000CB645 /* NetworkManagerTests.swift in Sources */,
				A30478F22AEEF2600092B838 /* CoreDataStack.swift in Sources */,
				A313A79F2AEF103C000CB645 /* MocksNetworkManager.swift in Sources */,
				A30479122AEEF2A80092B838 /* MapViewModel.swift in Sources */,
				A30479102AEEF2A60092B838 /* MapViewController.swift in Sources */,
				A30479142AEEF2AB0092B838 /* TabBarViewController.swift in Sources */,
				A30478FC2AEEF2770092B838 /* HeroLocation.swift in Sources */,
				A304790A2AEEF29C0092B838 /* HeroAnnotation.swift in Sources */,
				A313A7A62AEF1239000CB645 /* ValidationFieldsTests.swift in Sources */,
				A30478F02AEEF25D0092B838 /* secureDataManager.swift in Sources */,
				A304790E2AEEF2A20092B838 /* DetailViewModel.swift in Sources */,
				A304790C2AEEF29F0092B838 /* DetailViewController.swift in Sources */,
				A30479022AEEF28E0092B838 /* LoginViewModel.swift in Sources */,
				A30478F52AEEF2630092B838 /* Global.swift in Sources */,
				A30479062AEEF2950092B838 /* ListHeroesTableViewController.swift in Sources */,
				A30479002AEEF28B0092B838 /* LoginViewController.swift in Sources */,
				A30478FE2AEEF27B0092B838 /* NetworkManager.swift in Sources */,
				A30479042AEEF2910092B838 /* ListHeroesTableViewCell.swift in Sources */,
				A30478FB2AEEF2720092B838 /* Hero.swift in Sources */,
				A30479082AEEF2980092B838 /* ListHeroesViewModel.swift in Sources */,
				A30478F82AEEF26A0092B838 /* SceneDelegate.swift in Sources */,
			);
			runOnlyForDeploymentPostprocessing = 0;
		};
		A312E2CC2AE0420B003D72EB /* Sources */ = {
			isa = PBXSourcesBuildPhase;
			buildActionMask = 2147483647;
			files = (
				A30478F72AEEF2680092B838 /* AppDelegate.swift in Sources */,
				A30478F12AEEF25D0092B838 /* secureDataManager.swift in Sources */,
				A304790D2AEEF29F0092B838 /* DetailViewController.swift in Sources */,
				A30479152AEEF2AB0092B838 /* TabBarViewController.swift in Sources */,
				A30478FF2AEEF27B0092B838 /* NetworkManager.swift in Sources */,
				A30479052AEEF2910092B838 /* ListHeroesTableViewCell.swift in Sources */,
				A304790F2AEEF2A30092B838 /* DetailViewModel.swift in Sources */,
				A30479112AEEF2A60092B838 /* MapViewController.swift in Sources */,
				A30478ED2AEEF2580092B838 /* HeroDAO+CoreDataProperties.swift in Sources */,
				A30479072AEEF2950092B838 /* ListHeroesTableViewController.swift in Sources */,
				A30478F32AEEF2600092B838 /* CoreDataStack.swift in Sources */,
				A30479032AEEF28E0092B838 /* LoginViewModel.swift in Sources */,
				A30479092AEEF2980092B838 /* ListHeroesViewModel.swift in Sources */,
				A304790B2AEEF29C0092B838 /* HeroAnnotation.swift in Sources */,
				A308EECD2AEF148200764ED6 /* NetworkManagerTests.swift in Sources */,
				A30478FD2AEEF2770092B838 /* HeroLocation.swift in Sources */,
				A30479132AEEF2A80092B838 /* MapViewModel.swift in Sources */,
				A30478F42AEEF2620092B838 /* Global.swift in Sources */,
				A30478F92AEEF26A0092B838 /* SceneDelegate.swift in Sources */,
				A30479012AEEF28B0092B838 /* LoginViewController.swift in Sources */,
				A308EECC2AEF148000764ED6 /* ValidationFieldsTests.swift in Sources */,
				A30478FA2AEEF2720092B838 /* Hero.swift in Sources */,
				A308EECE2AEF148500764ED6 /* MocksNetworkManager.swift in Sources */,
				A30478EF2AEEF25A0092B838 /* LocationDAO+CoreDataProperties.swift in Sources */,
			);
			runOnlyForDeploymentPostprocessing = 0;
		};
/* End PBXSourcesBuildPhase section */

/* Begin PBXTargetDependency section */
		A312E2C82AE0420B003D72EB /* PBXTargetDependency */ = {
			isa = PBXTargetDependency;
			target = A312E2AC2AE04209003D72EB /* proyecto-iOS-avanzado */;
			targetProxy = A312E2C72AE0420B003D72EB /* PBXContainerItemProxy */;
		};
		A312E2D22AE0420B003D72EB /* PBXTargetDependency */ = {
			isa = PBXTargetDependency;
			target = A312E2AC2AE04209003D72EB /* proyecto-iOS-avanzado */;
			targetProxy = A312E2D12AE0420B003D72EB /* PBXContainerItemProxy */;
		};
/* End PBXTargetDependency section */

/* Begin PBXVariantGroup section */
		A312E2BE2AE0420B003D72EB /* LaunchScreen.storyboard */ = {
			isa = PBXVariantGroup;
			children = (
				A312E2BF2AE0420B003D72EB /* Base */,
			);
			name = LaunchScreen.storyboard;
			sourceTree = "<group>";
		};
/* End PBXVariantGroup section */

/* Begin XCBuildConfiguration section */
		A312E2D82AE0420B003D72EB /* Debug */ = {
			isa = XCBuildConfiguration;
			buildSettings = {
				ALWAYS_SEARCH_USER_PATHS = NO;
				ASSETCATALOG_COMPILER_GENERATE_SWIFT_ASSET_SYMBOL_EXTENSIONS = YES;
				CLANG_ANALYZER_NONNULL = YES;
				CLANG_ANALYZER_NUMBER_OBJECT_CONVERSION = YES_AGGRESSIVE;
				CLANG_CXX_LANGUAGE_STANDARD = "gnu++20";
				CLANG_ENABLE_MODULES = YES;
				CLANG_ENABLE_OBJC_ARC = YES;
				CLANG_ENABLE_OBJC_WEAK = YES;
				CLANG_WARN_BLOCK_CAPTURE_AUTORELEASING = YES;
				CLANG_WARN_BOOL_CONVERSION = YES;
				CLANG_WARN_COMMA = YES;
				CLANG_WARN_CONSTANT_CONVERSION = YES;
				CLANG_WARN_DEPRECATED_OBJC_IMPLEMENTATIONS = YES;
				CLANG_WARN_DIRECT_OBJC_ISA_USAGE = YES_ERROR;
				CLANG_WARN_DOCUMENTATION_COMMENTS = YES;
				CLANG_WARN_EMPTY_BODY = YES;
				CLANG_WARN_ENUM_CONVERSION = YES;
				CLANG_WARN_INFINITE_RECURSION = YES;
				CLANG_WARN_INT_CONVERSION = YES;
				CLANG_WARN_NON_LITERAL_NULL_CONVERSION = YES;
				CLANG_WARN_OBJC_IMPLICIT_RETAIN_SELF = YES;
				CLANG_WARN_OBJC_LITERAL_CONVERSION = YES;
				CLANG_WARN_OBJC_ROOT_CLASS = YES_ERROR;
				CLANG_WARN_QUOTED_INCLUDE_IN_FRAMEWORK_HEADER = YES;
				CLANG_WARN_RANGE_LOOP_ANALYSIS = YES;
				CLANG_WARN_STRICT_PROTOTYPES = YES;
				CLANG_WARN_SUSPICIOUS_MOVE = YES;
				CLANG_WARN_UNGUARDED_AVAILABILITY = YES_AGGRESSIVE;
				CLANG_WARN_UNREACHABLE_CODE = YES;
				CLANG_WARN__DUPLICATE_METHOD_MATCH = YES;
				COPY_PHASE_STRIP = NO;
				DEBUG_INFORMATION_FORMAT = dwarf;
				ENABLE_STRICT_OBJC_MSGSEND = YES;
				ENABLE_TESTABILITY = YES;
				ENABLE_USER_SCRIPT_SANDBOXING = YES;
				GCC_C_LANGUAGE_STANDARD = gnu17;
				GCC_DYNAMIC_NO_PIC = NO;
				GCC_NO_COMMON_BLOCKS = YES;
				GCC_OPTIMIZATION_LEVEL = 0;
				GCC_PREPROCESSOR_DEFINITIONS = (
					"DEBUG=1",
					"$(inherited)",
				);
				GCC_WARN_64_TO_32_BIT_CONVERSION = YES;
				GCC_WARN_ABOUT_RETURN_TYPE = YES_ERROR;
				GCC_WARN_UNDECLARED_SELECTOR = YES;
				GCC_WARN_UNINITIALIZED_AUTOS = YES_AGGRESSIVE;
				GCC_WARN_UNUSED_FUNCTION = YES;
				GCC_WARN_UNUSED_VARIABLE = YES;
				IPHONEOS_DEPLOYMENT_TARGET = 17.0;
				LOCALIZATION_PREFERS_STRING_CATALOGS = YES;
				MTL_ENABLE_DEBUG_INFO = INCLUDE_SOURCE;
				MTL_FAST_MATH = YES;
				ONLY_ACTIVE_ARCH = YES;
				SDKROOT = iphoneos;
				SWIFT_ACTIVE_COMPILATION_CONDITIONS = "DEBUG $(inherited)";
				SWIFT_OPTIMIZATION_LEVEL = "-Onone";
			};
			name = Debug;
		};
		A312E2D92AE0420B003D72EB /* Release */ = {
			isa = XCBuildConfiguration;
			buildSettings = {
				ALWAYS_SEARCH_USER_PATHS = NO;
				ASSETCATALOG_COMPILER_GENERATE_SWIFT_ASSET_SYMBOL_EXTENSIONS = YES;
				CLANG_ANALYZER_NONNULL = YES;
				CLANG_ANALYZER_NUMBER_OBJECT_CONVERSION = YES_AGGRESSIVE;
				CLANG_CXX_LANGUAGE_STANDARD = "gnu++20";
				CLANG_ENABLE_MODULES = YES;
				CLANG_ENABLE_OBJC_ARC = YES;
				CLANG_ENABLE_OBJC_WEAK = YES;
				CLANG_WARN_BLOCK_CAPTURE_AUTORELEASING = YES;
				CLANG_WARN_BOOL_CONVERSION = YES;
				CLANG_WARN_COMMA = YES;
				CLANG_WARN_CONSTANT_CONVERSION = YES;
				CLANG_WARN_DEPRECATED_OBJC_IMPLEMENTATIONS = YES;
				CLANG_WARN_DIRECT_OBJC_ISA_USAGE = YES_ERROR;
				CLANG_WARN_DOCUMENTATION_COMMENTS = YES;
				CLANG_WARN_EMPTY_BODY = YES;
				CLANG_WARN_ENUM_CONVERSION = YES;
				CLANG_WARN_INFINITE_RECURSION = YES;
				CLANG_WARN_INT_CONVERSION = YES;
				CLANG_WARN_NON_LITERAL_NULL_CONVERSION = YES;
				CLANG_WARN_OBJC_IMPLICIT_RETAIN_SELF = YES;
				CLANG_WARN_OBJC_LITERAL_CONVERSION = YES;
				CLANG_WARN_OBJC_ROOT_CLASS = YES_ERROR;
				CLANG_WARN_QUOTED_INCLUDE_IN_FRAMEWORK_HEADER = YES;
				CLANG_WARN_RANGE_LOOP_ANALYSIS = YES;
				CLANG_WARN_STRICT_PROTOTYPES = YES;
				CLANG_WARN_SUSPICIOUS_MOVE = YES;
				CLANG_WARN_UNGUARDED_AVAILABILITY = YES_AGGRESSIVE;
				CLANG_WARN_UNREACHABLE_CODE = YES;
				CLANG_WARN__DUPLICATE_METHOD_MATCH = YES;
				COPY_PHASE_STRIP = NO;
				DEBUG_INFORMATION_FORMAT = "dwarf-with-dsym";
				ENABLE_NS_ASSERTIONS = NO;
				ENABLE_STRICT_OBJC_MSGSEND = YES;
				ENABLE_USER_SCRIPT_SANDBOXING = YES;
				GCC_C_LANGUAGE_STANDARD = gnu17;
				GCC_NO_COMMON_BLOCKS = YES;
				GCC_WARN_64_TO_32_BIT_CONVERSION = YES;
				GCC_WARN_ABOUT_RETURN_TYPE = YES_ERROR;
				GCC_WARN_UNDECLARED_SELECTOR = YES;
				GCC_WARN_UNINITIALIZED_AUTOS = YES_AGGRESSIVE;
				GCC_WARN_UNUSED_FUNCTION = YES;
				GCC_WARN_UNUSED_VARIABLE = YES;
				IPHONEOS_DEPLOYMENT_TARGET = 17.0;
				LOCALIZATION_PREFERS_STRING_CATALOGS = YES;
				MTL_ENABLE_DEBUG_INFO = NO;
				MTL_FAST_MATH = YES;
				SDKROOT = iphoneos;
				SWIFT_COMPILATION_MODE = wholemodule;
				VALIDATE_PRODUCT = YES;
			};
			name = Release;
		};
		A312E2DB2AE0420B003D72EB /* Debug */ = {
			isa = XCBuildConfiguration;
			buildSettings = {
				ASSETCATALOG_COMPILER_APPICON_NAME = AppIcon;
				ASSETCATALOG_COMPILER_GLOBAL_ACCENT_COLOR_NAME = AccentColor;
				CODE_SIGN_STYLE = Automatic;
				CURRENT_PROJECT_VERSION = 1;
				DEVELOPMENT_TEAM = JZ6GNTPXDT;
				GENERATE_INFOPLIST_FILE = YES;
				INFOPLIST_FILE = "proyecto-iOS-avanzado/Info.plist";
				INFOPLIST_KEY_UIApplicationSupportsIndirectInputEvents = YES;
				INFOPLIST_KEY_UILaunchStoryboardName = LaunchScreen;
				INFOPLIST_KEY_UISupportedInterfaceOrientations_iPad = "UIInterfaceOrientationPortrait UIInterfaceOrientationPortraitUpsideDown UIInterfaceOrientationLandscapeLeft UIInterfaceOrientationLandscapeRight";
				INFOPLIST_KEY_UISupportedInterfaceOrientations_iPhone = "UIInterfaceOrientationPortrait UIInterfaceOrientationLandscapeLeft UIInterfaceOrientationLandscapeRight";
				LD_RUNPATH_SEARCH_PATHS = (
					"$(inherited)",
					"@executable_path/Frameworks",
				);
				MARKETING_VERSION = 1.0;
				PRODUCT_BUNDLE_IDENTIFIER = "com.demo.keepcoding.proyecto-iOS-avanzado";
				PRODUCT_NAME = "$(TARGET_NAME)";
				SWIFT_EMIT_LOC_STRINGS = YES;
				SWIFT_VERSION = 5.0;
				TARGETED_DEVICE_FAMILY = "1,2";
			};
			name = Debug;
		};
		A312E2DC2AE0420B003D72EB /* Release */ = {
			isa = XCBuildConfiguration;
			buildSettings = {
				ASSETCATALOG_COMPILER_APPICON_NAME = AppIcon;
				ASSETCATALOG_COMPILER_GLOBAL_ACCENT_COLOR_NAME = AccentColor;
				CODE_SIGN_STYLE = Automatic;
				CURRENT_PROJECT_VERSION = 1;
				DEVELOPMENT_TEAM = JZ6GNTPXDT;
				GENERATE_INFOPLIST_FILE = YES;
				INFOPLIST_FILE = "proyecto-iOS-avanzado/Info.plist";
				INFOPLIST_KEY_UIApplicationSupportsIndirectInputEvents = YES;
				INFOPLIST_KEY_UILaunchStoryboardName = LaunchScreen;
				INFOPLIST_KEY_UISupportedInterfaceOrientations_iPad = "UIInterfaceOrientationPortrait UIInterfaceOrientationPortraitUpsideDown UIInterfaceOrientationLandscapeLeft UIInterfaceOrientationLandscapeRight";
				INFOPLIST_KEY_UISupportedInterfaceOrientations_iPhone = "UIInterfaceOrientationPortrait UIInterfaceOrientationLandscapeLeft UIInterfaceOrientationLandscapeRight";
				LD_RUNPATH_SEARCH_PATHS = (
					"$(inherited)",
					"@executable_path/Frameworks",
				);
				MARKETING_VERSION = 1.0;
				PRODUCT_BUNDLE_IDENTIFIER = "com.demo.keepcoding.proyecto-iOS-avanzado";
				PRODUCT_NAME = "$(TARGET_NAME)";
				SWIFT_EMIT_LOC_STRINGS = YES;
				SWIFT_VERSION = 5.0;
				TARGETED_DEVICE_FAMILY = "1,2";
			};
			name = Release;
		};
		A312E2DE2AE0420B003D72EB /* Debug */ = {
			isa = XCBuildConfiguration;
			buildSettings = {
				ALWAYS_EMBED_SWIFT_STANDARD_LIBRARIES = YES;
				BUNDLE_LOADER = "$(TEST_HOST)";
				CODE_SIGN_STYLE = Automatic;
				CURRENT_PROJECT_VERSION = 1;
				DEVELOPMENT_TEAM = JZ6GNTPXDT;
				GENERATE_INFOPLIST_FILE = YES;
				IPHONEOS_DEPLOYMENT_TARGET = 17.0;
				MARKETING_VERSION = 1.0;
				PRODUCT_BUNDLE_IDENTIFIER = "com.demo.keepcoding.proyecto-iOS-avanzadoTests";
				PRODUCT_NAME = "$(TARGET_NAME)";
				SWIFT_EMIT_LOC_STRINGS = NO;
				SWIFT_VERSION = 5.0;
				TARGETED_DEVICE_FAMILY = "1,2";
				TEST_HOST = "$(BUILT_PRODUCTS_DIR)/proyecto-iOS-avanzado.app/$(BUNDLE_EXECUTABLE_FOLDER_PATH)/proyecto-iOS-avanzado";
			};
			name = Debug;
		};
		A312E2DF2AE0420B003D72EB /* Release */ = {
			isa = XCBuildConfiguration;
			buildSettings = {
				ALWAYS_EMBED_SWIFT_STANDARD_LIBRARIES = YES;
				BUNDLE_LOADER = "$(TEST_HOST)";
				CODE_SIGN_STYLE = Automatic;
				CURRENT_PROJECT_VERSION = 1;
				DEVELOPMENT_TEAM = JZ6GNTPXDT;
				GENERATE_INFOPLIST_FILE = YES;
				IPHONEOS_DEPLOYMENT_TARGET = 17.0;
				MARKETING_VERSION = 1.0;
				PRODUCT_BUNDLE_IDENTIFIER = "com.demo.keepcoding.proyecto-iOS-avanzadoTests";
				PRODUCT_NAME = "$(TARGET_NAME)";
				SWIFT_EMIT_LOC_STRINGS = NO;
				SWIFT_VERSION = 5.0;
				TARGETED_DEVICE_FAMILY = "1,2";
				TEST_HOST = "$(BUILT_PRODUCTS_DIR)/proyecto-iOS-avanzado.app/$(BUNDLE_EXECUTABLE_FOLDER_PATH)/proyecto-iOS-avanzado";
			};
			name = Release;
		};
		A312E2E12AE0420B003D72EB /* Debug */ = {
			isa = XCBuildConfiguration;
			buildSettings = {
				ALWAYS_EMBED_SWIFT_STANDARD_LIBRARIES = YES;
				CODE_SIGN_STYLE = Automatic;
				CURRENT_PROJECT_VERSION = 1;
				DEVELOPMENT_TEAM = JZ6GNTPXDT;
				GENERATE_INFOPLIST_FILE = YES;
				MARKETING_VERSION = 1.0;
				PRODUCT_BUNDLE_IDENTIFIER = "com.demo.keepcoding.proyecto-iOS-avanzadoUITests";
				PRODUCT_NAME = "$(TARGET_NAME)";
				SWIFT_EMIT_LOC_STRINGS = NO;
				SWIFT_VERSION = 5.0;
				TARGETED_DEVICE_FAMILY = "1,2";
				TEST_TARGET_NAME = "proyecto-iOS-avanzado";
			};
			name = Debug;
		};
		A312E2E22AE0420B003D72EB /* Release */ = {
			isa = XCBuildConfiguration;
			buildSettings = {
				ALWAYS_EMBED_SWIFT_STANDARD_LIBRARIES = YES;
				CODE_SIGN_STYLE = Automatic;
				CURRENT_PROJECT_VERSION = 1;
				DEVELOPMENT_TEAM = JZ6GNTPXDT;
				GENERATE_INFOPLIST_FILE = YES;
				MARKETING_VERSION = 1.0;
				PRODUCT_BUNDLE_IDENTIFIER = "com.demo.keepcoding.proyecto-iOS-avanzadoUITests";
				PRODUCT_NAME = "$(TARGET_NAME)";
				SWIFT_EMIT_LOC_STRINGS = NO;
				SWIFT_VERSION = 5.0;
				TARGETED_DEVICE_FAMILY = "1,2";
				TEST_TARGET_NAME = "proyecto-iOS-avanzado";
			};
			name = Release;
		};
/* End XCBuildConfiguration section */

/* Begin XCConfigurationList section */
		A312E2A82AE04209003D72EB /* Build configuration list for PBXProject "proyecto-iOS-avanzado" */ = {
			isa = XCConfigurationList;
			buildConfigurations = (
				A312E2D82AE0420B003D72EB /* Debug */,
				A312E2D92AE0420B003D72EB /* Release */,
			);
			defaultConfigurationIsVisible = 0;
			defaultConfigurationName = Release;
		};
		A312E2DA2AE0420B003D72EB /* Build configuration list for PBXNativeTarget "proyecto-iOS-avanzado" */ = {
			isa = XCConfigurationList;
			buildConfigurations = (
				A312E2DB2AE0420B003D72EB /* Debug */,
				A312E2DC2AE0420B003D72EB /* Release */,
			);
			defaultConfigurationIsVisible = 0;
			defaultConfigurationName = Release;
		};
		A312E2DD2AE0420B003D72EB /* Build configuration list for PBXNativeTarget "proyecto-iOS-avanzadoTests" */ = {
			isa = XCConfigurationList;
			buildConfigurations = (
				A312E2DE2AE0420B003D72EB /* Debug */,
				A312E2DF2AE0420B003D72EB /* Release */,
			);
			defaultConfigurationIsVisible = 0;
			defaultConfigurationName = Release;
		};
		A312E2E02AE0420B003D72EB /* Build configuration list for PBXNativeTarget "proyecto-iOS-avanzadoUITests" */ = {
			isa = XCConfigurationList;
			buildConfigurations = (
				A312E2E12AE0420B003D72EB /* Debug */,
				A312E2E22AE0420B003D72EB /* Release */,
			);
			defaultConfigurationIsVisible = 0;
			defaultConfigurationName = Release;
		};
/* End XCConfigurationList section */

/* Begin XCRemoteSwiftPackageReference section */
		A303A7A92AE95B7C007E296F /* XCRemoteSwiftPackageReference "Kingfisher" */ = {
			isa = XCRemoteSwiftPackageReference;
			repositoryURL = "https://github.com/onevcat/Kingfisher";
			requirement = {
				kind = upToNextMajorVersion;
				minimumVersion = 7.9.1;
			};
		};
		A3C976322AE17F9100212EE1 /* XCRemoteSwiftPackageReference "keychain-swift" */ = {
			isa = XCRemoteSwiftPackageReference;
			repositoryURL = "https://github.com/evgenyneu/keychain-swift.git";
			requirement = {
				kind = upToNextMajorVersion;
				minimumVersion = 20.0.0;
			};
		};
/* End XCRemoteSwiftPackageReference section */

/* Begin XCSwiftPackageProductDependency section */
		A303A7AA2AE95B7C007E296F /* Kingfisher */ = {
			isa = XCSwiftPackageProductDependency;
			package = A303A7A92AE95B7C007E296F /* XCRemoteSwiftPackageReference "Kingfisher" */;
			productName = Kingfisher;
		};
		A304791D2AEEF5380092B838 /* KeychainSwift */ = {
			isa = XCSwiftPackageProductDependency;
			package = A3C976322AE17F9100212EE1 /* XCRemoteSwiftPackageReference "keychain-swift" */;
			productName = KeychainSwift;
		};
		A304791F2AEEF5380092B838 /* Kingfisher */ = {
			isa = XCSwiftPackageProductDependency;
			package = A303A7A92AE95B7C007E296F /* XCRemoteSwiftPackageReference "Kingfisher" */;
			productName = Kingfisher;
		};
		A30479212AEEF5410092B838 /* KeychainSwift */ = {
			isa = XCSwiftPackageProductDependency;
			package = A3C976322AE17F9100212EE1 /* XCRemoteSwiftPackageReference "keychain-swift" */;
			productName = KeychainSwift;
		};
		A30479232AEEF5410092B838 /* Kingfisher */ = {
			isa = XCSwiftPackageProductDependency;
			package = A303A7A92AE95B7C007E296F /* XCRemoteSwiftPackageReference "Kingfisher" */;
			productName = Kingfisher;
		};
		A3C976332AE17F9100212EE1 /* KeychainSwift */ = {
			isa = XCSwiftPackageProductDependency;
			package = A3C976322AE17F9100212EE1 /* XCRemoteSwiftPackageReference "keychain-swift" */;
			productName = KeychainSwift;
		};
/* End XCSwiftPackageProductDependency section */

/* Begin XCVersionGroup section */
		A312E2B92AE04209003D72EB /* proyecto_iOS_avanzado.xcdatamodeld */ = {
			isa = XCVersionGroup;
			children = (
				A312E2BA2AE04209003D72EB /* proyecto_iOS_avanzado.xcdatamodel */,
			);
			currentVersion = A312E2BA2AE04209003D72EB /* proyecto_iOS_avanzado.xcdatamodel */;
			path = proyecto_iOS_avanzado.xcdatamodeld;
			sourceTree = "<group>";
			versionGroupType = wrapper.xcdatamodel;
		};
/* End XCVersionGroup section */
	};
	rootObject = A312E2A52AE04209003D72EB /* Project object */;
}
